
Microsoft Visual Studio Solution File, Format Version 12.00
# Visual Studio Version 17
VisualStudioVersion = 17.2.32616.157
MinimumVisualStudioVersion = 10.0.40219.1
Project("{FAE04EC0-301F-11D3-BF4B-00C04F79EFBC}") = "Business", "Business\Business.csproj", "{07983B93-24C3-4E90-8D5A-3F5F0D3EC16F}"
EndProject
Global
	GlobalSection(SolutionConfigurationPlatforms) = preSolution
		Debug|Any CPU = Debug|Any CPU
		Release|Any CPU = Release|Any CPU
	EndGlobalSection
	GlobalSection(ProjectConfigurationPlatforms) = postSolution
		{07983B93-24C3-4E90-8D5A-3F5F0D3EC16F}.Debug|Any CPU.ActiveCfg = Debug|Any CPU
		{07983B93-24C3-4E90-8D5A-3F5F0D3EC16F}.Debug|Any CPU.Build.0 = Debug|Any CPU
		{07983B93-24C3-4E90-8D5A-3F5F0D3EC16F}.Release|Any CPU.ActiveCfg = Release|Any CPU
		{07983B93-24C3-4E90-8D5A-3F5F0D3EC16F}.Release|Any CPU.Build.0 = Release|Any CPU
	EndGlobalSection
	GlobalSection(SolutionProperties) = preSolution
		HideSolutionNode = FALSE
	EndGlobalSection
	GlobalSection(ExtensibilityGlobals) = postSolution
		SolutionGuid = {540A9222-CD68-4314-BF47-EBBEAD8D2AE5}
	EndGlobalSection
EndGlobal
