
Microsoft Visual Studio Solution File, Format Version 12.00
# Visual Studio Version 17
VisualStudioVersion = 17.2.32616.157
MinimumVisualStudioVersion = 10.0.40219.1
Project("{FAE04EC0-301F-11D3-BF4B-00C04F79EFBC}") = "Testarbeit_ProduktKatalogWinForms", "Testarbeit_ProduktKatalogWinForms\Testarbeit_ProduktKatalogWinForms.csproj", "{1ACC8652-2C73-46CE-8795-DFD67B2B1CA9}"
EndProject
Global
	GlobalSection(SolutionConfigurationPlatforms) = preSolution
		Debug|Any CPU = Debug|Any CPU
		Release|Any CPU = Release|Any CPU
	EndGlobalSection
	GlobalSection(ProjectConfigurationPlatforms) = postSolution
		{1ACC8652-2C73-46CE-8795-DFD67B2B1CA9}.Debug|Any CPU.ActiveCfg = Debug|Any CPU
		{1ACC8652-2C73-46CE-8795-DFD67B2B1CA9}.Debug|Any CPU.Build.0 = Debug|Any CPU
		{1ACC8652-2C73-46CE-8795-DFD67B2B1CA9}.Release|Any CPU.ActiveCfg = Release|Any CPU
		{1ACC8652-2C73-46CE-8795-DFD67B2B1CA9}.Release|Any CPU.Build.0 = Release|Any CPU
	EndGlobalSection
	GlobalSection(SolutionProperties) = preSolution
		HideSolutionNode = FALSE
	EndGlobalSection
	GlobalSection(ExtensibilityGlobals) = postSolution
		SolutionGuid = {68B966E2-9E30-45CD-9716-5AAE17A28B49}
	EndGlobalSection
EndGlobal
