
Microsoft Visual Studio Solution File, Format Version 12.00
# Visual Studio Version 17
VisualStudioVersion = 17.2.32616.157
MinimumVisualStudioVersion = 10.0.40219.1
Project("{9A19103F-16F7-4668-BE54-9A1E7A4F7556}") = "Shop_WPF_EF", "Shop_WPF_EF\Shop_WPF_EF.csproj", "{A6621B79-5E93-40EE-9DED-EE06CC05D851}"
EndProject
Global
	GlobalSection(SolutionConfigurationPlatforms) = preSolution
		Debug|Any CPU = Debug|Any CPU
		Release|Any CPU = Release|Any CPU
	EndGlobalSection
	GlobalSection(ProjectConfigurationPlatforms) = postSolution
		{A6621B79-5E93-40EE-9DED-EE06CC05D851}.Debug|Any CPU.ActiveCfg = Debug|Any CPU
		{A6621B79-5E93-40EE-9DED-EE06CC05D851}.Debug|Any CPU.Build.0 = Debug|Any CPU
		{A6621B79-5E93-40EE-9DED-EE06CC05D851}.Release|Any CPU.ActiveCfg = Release|Any CPU
		{A6621B79-5E93-40EE-9DED-EE06CC05D851}.Release|Any CPU.Build.0 = Release|Any CPU
	EndGlobalSection
	GlobalSection(SolutionProperties) = preSolution
		HideSolutionNode = FALSE
	EndGlobalSection
	GlobalSection(ExtensibilityGlobals) = postSolution
		SolutionGuid = {2C1B89B0-E432-49D1-9839-327790C66729}
	EndGlobalSection
EndGlobal
