
Microsoft Visual Studio Solution File, Format Version 12.00
# Visual Studio Version 17
VisualStudioVersion = 17.2.32616.157
MinimumVisualStudioVersion = 10.0.40219.1
Project("{FAE04EC0-301F-11D3-BF4B-00C04F79EFBC}") = "Elektrohandel", "Elektrohandel\Elektrohandel.csproj", "{9FF40910-E5A7-403E-8C17-A21F3319B369}"
EndProject
Global
	GlobalSection(SolutionConfigurationPlatforms) = preSolution
		Debug|Any CPU = Debug|Any CPU
		Release|Any CPU = Release|Any CPU
	EndGlobalSection
	GlobalSection(ProjectConfigurationPlatforms) = postSolution
		{9FF40910-E5A7-403E-8C17-A21F3319B369}.Debug|Any CPU.ActiveCfg = Debug|Any CPU
		{9FF40910-E5A7-403E-8C17-A21F3319B369}.Debug|Any CPU.Build.0 = Debug|Any CPU
		{9FF40910-E5A7-403E-8C17-A21F3319B369}.Release|Any CPU.ActiveCfg = Release|Any CPU
		{9FF40910-E5A7-403E-8C17-A21F3319B369}.Release|Any CPU.Build.0 = Release|Any CPU
	EndGlobalSection
	GlobalSection(SolutionProperties) = preSolution
		HideSolutionNode = FALSE
	EndGlobalSection
	GlobalSection(ExtensibilityGlobals) = postSolution
		SolutionGuid = {6226901F-DEA0-4A76-920C-ED9B81B21DC0}
	EndGlobalSection
EndGlobal
