
Microsoft Visual Studio Solution File, Format Version 12.00
# Visual Studio Version 17
VisualStudioVersion = 17.2.32616.157
MinimumVisualStudioVersion = 10.0.40219.1
Project("{FAE04EC0-301F-11D3-BF4B-00C04F79EFBC}") = "MediaExperten_ProduktKalalog", "MediaExperten_ProduktKalalog\MediaExperten_ProduktKalalog.csproj", "{410A174C-9455-4BE3-89B1-CE48A1328CB5}"
EndProject
Global
	GlobalSection(SolutionConfigurationPlatforms) = preSolution
		Debug|Any CPU = Debug|Any CPU
		Release|Any CPU = Release|Any CPU
	EndGlobalSection
	GlobalSection(ProjectConfigurationPlatforms) = postSolution
		{410A174C-9455-4BE3-89B1-CE48A1328CB5}.Debug|Any CPU.ActiveCfg = Debug|Any CPU
		{410A174C-9455-4BE3-89B1-CE48A1328CB5}.Debug|Any CPU.Build.0 = Debug|Any CPU
		{410A174C-9455-4BE3-89B1-CE48A1328CB5}.Release|Any CPU.ActiveCfg = Release|Any CPU
		{410A174C-9455-4BE3-89B1-CE48A1328CB5}.Release|Any CPU.Build.0 = Release|Any CPU
	EndGlobalSection
	GlobalSection(SolutionProperties) = preSolution
		HideSolutionNode = FALSE
	EndGlobalSection
	GlobalSection(ExtensibilityGlobals) = postSolution
		SolutionGuid = {1336F4CB-3592-4B0E-975F-EFAE2A89F5D5}
	EndGlobalSection
EndGlobal
