
Microsoft Visual Studio Solution File, Format Version 12.00
# Visual Studio Version 17
VisualStudioVersion = 17.2.32616.157
MinimumVisualStudioVersion = 10.0.40219.1
Project("{FAE04EC0-301F-11D3-BF4B-00C04F79EFBC}") = "Lukasz", "Lukasz\Lukasz.csproj", "{508BD170-1A1B-41A6-8203-3DE777018590}"
EndProject
Global
	GlobalSection(SolutionConfigurationPlatforms) = preSolution
		Debug|Any CPU = Debug|Any CPU
		Release|Any CPU = Release|Any CPU
	EndGlobalSection
	GlobalSection(ProjectConfigurationPlatforms) = postSolution
		{508BD170-1A1B-41A6-8203-3DE777018590}.Debug|Any CPU.ActiveCfg = Debug|Any CPU
		{508BD170-1A1B-41A6-8203-3DE777018590}.Debug|Any CPU.Build.0 = Debug|Any CPU
		{508BD170-1A1B-41A6-8203-3DE777018590}.Release|Any CPU.ActiveCfg = Release|Any CPU
		{508BD170-1A1B-41A6-8203-3DE777018590}.Release|Any CPU.Build.0 = Release|Any CPU
	EndGlobalSection
	GlobalSection(SolutionProperties) = preSolution
		HideSolutionNode = FALSE
	EndGlobalSection
	GlobalSection(ExtensibilityGlobals) = postSolution
		SolutionGuid = {2804AC4F-F738-4FA0-9A74-E6B856796300}
	EndGlobalSection
EndGlobal
