
Microsoft Visual Studio Solution File, Format Version 12.00
# Visual Studio Version 17
VisualStudioVersion = 17.2.32616.157
MinimumVisualStudioVersion = 10.0.40219.1
Project("{FAE04EC0-301F-11D3-BF4B-00C04F79EFBC}") = "NotenDurchschnitt", "NotenDurchschnitt\NotenDurchschnitt.csproj", "{99E874D3-0B5E-4B4F-A3BA-5DC2A57189DB}"
EndProject
Global
	GlobalSection(SolutionConfigurationPlatforms) = preSolution
		Debug|Any CPU = Debug|Any CPU
		Release|Any CPU = Release|Any CPU
	EndGlobalSection
	GlobalSection(ProjectConfigurationPlatforms) = postSolution
		{99E874D3-0B5E-4B4F-A3BA-5DC2A57189DB}.Debug|Any CPU.ActiveCfg = Debug|Any CPU
		{99E874D3-0B5E-4B4F-A3BA-5DC2A57189DB}.Debug|Any CPU.Build.0 = Debug|Any CPU
		{99E874D3-0B5E-4B4F-A3BA-5DC2A57189DB}.Release|Any CPU.ActiveCfg = Release|Any CPU
		{99E874D3-0B5E-4B4F-A3BA-5DC2A57189DB}.Release|Any CPU.Build.0 = Release|Any CPU
	EndGlobalSection
	GlobalSection(SolutionProperties) = preSolution
		HideSolutionNode = FALSE
	EndGlobalSection
	GlobalSection(ExtensibilityGlobals) = postSolution
		SolutionGuid = {DBD712CC-789E-4501-B525-FA0F91824DD7}
	EndGlobalSection
EndGlobal
