
Microsoft Visual Studio Solution File, Format Version 12.00
# Visual Studio Version 17
VisualStudioVersion = 17.2.32616.157
MinimumVisualStudioVersion = 10.0.40219.1
Project("{FAE04EC0-301F-11D3-BF4B-00C04F79EFBC}") = "Kalendarz", "Kalendarz\Kalendarz.csproj", "{0E4734DC-1A4E-4986-86A5-5C983AB5B128}"
EndProject
Global
	GlobalSection(SolutionConfigurationPlatforms) = preSolution
		Debug|Any CPU = Debug|Any CPU
		Release|Any CPU = Release|Any CPU
	EndGlobalSection
	GlobalSection(ProjectConfigurationPlatforms) = postSolution
		{0E4734DC-1A4E-4986-86A5-5C983AB5B128}.Debug|Any CPU.ActiveCfg = Debug|Any CPU
		{0E4734DC-1A4E-4986-86A5-5C983AB5B128}.Debug|Any CPU.Build.0 = Debug|Any CPU
		{0E4734DC-1A4E-4986-86A5-5C983AB5B128}.Release|Any CPU.ActiveCfg = Release|Any CPU
		{0E4734DC-1A4E-4986-86A5-5C983AB5B128}.Release|Any CPU.Build.0 = Release|Any CPU
	EndGlobalSection
	GlobalSection(SolutionProperties) = preSolution
		HideSolutionNode = FALSE
	EndGlobalSection
	GlobalSection(ExtensibilityGlobals) = postSolution
		SolutionGuid = {54F063A9-53BC-4343-A620-FDF51B3AC0F6}
	EndGlobalSection
EndGlobal
