
Microsoft Visual Studio Solution File, Format Version 12.00
# Visual Studio Version 17
VisualStudioVersion = 17.2.32616.157
MinimumVisualStudioVersion = 10.0.40219.1
Project("{FAE04EC0-301F-11D3-BF4B-00C04F79EFBC}") = "ReAn", "ReAn\ReAn.csproj", "{22483276-DD98-46AC-84D2-1B9359977CEF}"
EndProject
Global
	GlobalSection(SolutionConfigurationPlatforms) = preSolution
		Debug|Any CPU = Debug|Any CPU
		Release|Any CPU = Release|Any CPU
	EndGlobalSection
	GlobalSection(ProjectConfigurationPlatforms) = postSolution
		{22483276-DD98-46AC-84D2-1B9359977CEF}.Debug|Any CPU.ActiveCfg = Debug|Any CPU
		{22483276-DD98-46AC-84D2-1B9359977CEF}.Debug|Any CPU.Build.0 = Debug|Any CPU
		{22483276-DD98-46AC-84D2-1B9359977CEF}.Release|Any CPU.ActiveCfg = Release|Any CPU
		{22483276-DD98-46AC-84D2-1B9359977CEF}.Release|Any CPU.Build.0 = Release|Any CPU
	EndGlobalSection
	GlobalSection(SolutionProperties) = preSolution
		HideSolutionNode = FALSE
	EndGlobalSection
	GlobalSection(ExtensibilityGlobals) = postSolution
		SolutionGuid = {559E1EF6-2B59-4491-9835-B0C7066C0A62}
	EndGlobalSection
EndGlobal
