
Microsoft Visual Studio Solution File, Format Version 12.00
# Visual Studio Version 17
VisualStudioVersion = 17.2.32616.157
MinimumVisualStudioVersion = 10.0.40219.1
Project("{FAE04EC0-301F-11D3-BF4B-00C04F79EFBC}") = "UsersRemover", "UsersRemover\UsersRemover.csproj", "{5AFAE641-B050-4242-A60A-6A273573F6D5}"
EndProject
Global
	GlobalSection(SolutionConfigurationPlatforms) = preSolution
		Debug|Any CPU = Debug|Any CPU
		Release|Any CPU = Release|Any CPU
	EndGlobalSection
	GlobalSection(ProjectConfigurationPlatforms) = postSolution
		{5AFAE641-B050-4242-A60A-6A273573F6D5}.Debug|Any CPU.ActiveCfg = Debug|Any CPU
		{5AFAE641-B050-4242-A60A-6A273573F6D5}.Debug|Any CPU.Build.0 = Debug|Any CPU
		{5AFAE641-B050-4242-A60A-6A273573F6D5}.Release|Any CPU.ActiveCfg = Release|Any CPU
		{5AFAE641-B050-4242-A60A-6A273573F6D5}.Release|Any CPU.Build.0 = Release|Any CPU
	EndGlobalSection
	GlobalSection(SolutionProperties) = preSolution
		HideSolutionNode = FALSE
	EndGlobalSection
	GlobalSection(ExtensibilityGlobals) = postSolution
		SolutionGuid = {17BA8564-F429-4D7E-8630-37E62038F018}
	EndGlobalSection
EndGlobal
